
Microsoft Visual Studio Solution File, Format Version 12.00
# Visual Studio 14
VisualStudioVersion = 14.0.25420.1
MinimumVisualStudioVersion = 10.0.40219.1
Project("{8BC9CEB8-8B4A-11D0-8D11-00A0C91BC942}") = "basicio", "basicio\basicio.vcxproj", "{8768AFD6-85C2-4999-B5E9-1C5509A8FBD1}"
EndProject
Project("{8BC9CEB8-8B4A-11D0-8D11-00A0C91BC942}") = "circle", "circle\circle.vcxproj", "{EBD0D5F7-F7E9-4EE1-A015-41BE4CA9599C}"
EndProject
Project("{8BC9CEB8-8B4A-11D0-8D11-00A0C91BC942}") = "branch", "branch\branch.vcxproj", "{EF16F419-0BAF-4251-93C0-E6BC770FF002}"
EndProject
Project("{8BC9CEB8-8B4A-11D0-8D11-00A0C91BC942}") = "loop", "loop\loop.vcxproj", "{EA8FF38A-C076-4A8E-A8AA-3274B8773052}"
EndProject
Project("{8BC9CEB8-8B4A-11D0-8D11-00A0C91BC942}") = "array", "array\array.vcxproj", "{E1F8B174-2BF7-49FC-B58E-F5F16D027BF6}"
EndProject
Project("{8BC9CEB8-8B4A-11D0-8D11-00A0C91BC942}") = "function", "function\function.vcxproj", "{1A64ADE6-8B52-4B0A-8A54-A7681CAA8449}"
EndProject
Project("{8BC9CEB8-8B4A-11D0-8D11-00A0C91BC942}") = "structure", "structure\structure.vcxproj", "{A2532E7E-F4E1-4D18-9B5D-293BE2CD4BDA}"
EndProject
Project("{8BC9CEB8-8B4A-11D0-8D11-00A0C91BC942}") = "file", "file\file.vcxproj", "{767C9E59-DCB7-4AB4-B188-7C018DE052C7}"
EndProject
Project("{8BC9CEB8-8B4A-11D0-8D11-00A0C91BC942}") = "pointer", "pointer\pointer.vcxproj", "{7ECDE894-B188-4623-94D6-1D1714F84309}"
EndProject
Project("{8BC9CEB8-8B4A-11D0-8D11-00A0C91BC942}") = "PPDI", "PPDI\PPDI.vcxproj", "{3F994D65-1C0E-4777-B9E2-74B072F60D31}"
EndProject
Project("{8BC9CEB8-8B4A-11D0-8D11-00A0C91BC942}") = "date", "date\date.vcxproj", "{A15BAEA6-1AB4-4331-9CDD-515A8111C163}"
EndProject
Global
	GlobalSection(SolutionConfigurationPlatforms) = preSolution
		Debug|x64 = Debug|x64
		Debug|x86 = Debug|x86
		Release|x64 = Release|x64
		Release|x86 = Release|x86
	EndGlobalSection
	GlobalSection(ProjectConfigurationPlatforms) = postSolution
		{8768AFD6-85C2-4999-B5E9-1C5509A8FBD1}.Debug|x64.ActiveCfg = Debug|x64
		{8768AFD6-85C2-4999-B5E9-1C5509A8FBD1}.Debug|x64.Build.0 = Debug|x64
		{8768AFD6-85C2-4999-B5E9-1C5509A8FBD1}.Debug|x86.ActiveCfg = Debug|Win32
		{8768AFD6-85C2-4999-B5E9-1C5509A8FBD1}.Debug|x86.Build.0 = Debug|Win32
		{8768AFD6-85C2-4999-B5E9-1C5509A8FBD1}.Release|x64.ActiveCfg = Release|x64
		{8768AFD6-85C2-4999-B5E9-1C5509A8FBD1}.Release|x64.Build.0 = Release|x64
		{8768AFD6-85C2-4999-B5E9-1C5509A8FBD1}.Release|x86.ActiveCfg = Release|Win32
		{8768AFD6-85C2-4999-B5E9-1C5509A8FBD1}.Release|x86.Build.0 = Release|Win32
		{EBD0D5F7-F7E9-4EE1-A015-41BE4CA9599C}.Debug|x64.ActiveCfg = Debug|x64
		{EBD0D5F7-F7E9-4EE1-A015-41BE4CA9599C}.Debug|x64.Build.0 = Debug|x64
		{EBD0D5F7-F7E9-4EE1-A015-41BE4CA9599C}.Debug|x86.ActiveCfg = Debug|Win32
		{EBD0D5F7-F7E9-4EE1-A015-41BE4CA9599C}.Debug|x86.Build.0 = Debug|Win32
		{EBD0D5F7-F7E9-4EE1-A015-41BE4CA9599C}.Release|x64.ActiveCfg = Release|x64
		{EBD0D5F7-F7E9-4EE1-A015-41BE4CA9599C}.Release|x64.Build.0 = Release|x64
		{EBD0D5F7-F7E9-4EE1-A015-41BE4CA9599C}.Release|x86.ActiveCfg = Release|Win32
		{EBD0D5F7-F7E9-4EE1-A015-41BE4CA9599C}.Release|x86.Build.0 = Release|Win32
		{EF16F419-0BAF-4251-93C0-E6BC770FF002}.Debug|x64.ActiveCfg = Debug|x64
		{EF16F419-0BAF-4251-93C0-E6BC770FF002}.Debug|x64.Build.0 = Debug|x64
		{EF16F419-0BAF-4251-93C0-E6BC770FF002}.Debug|x86.ActiveCfg = Debug|Win32
		{EF16F419-0BAF-4251-93C0-E6BC770FF002}.Debug|x86.Build.0 = Debug|Win32
		{EF16F419-0BAF-4251-93C0-E6BC770FF002}.Release|x64.ActiveCfg = Release|x64
		{EF16F419-0BAF-4251-93C0-E6BC770FF002}.Release|x64.Build.0 = Release|x64
		{EF16F419-0BAF-4251-93C0-E6BC770FF002}.Release|x86.ActiveCfg = Release|Win32
		{EF16F419-0BAF-4251-93C0-E6BC770FF002}.Release|x86.Build.0 = Release|Win32
		{EA8FF38A-C076-4A8E-A8AA-3274B8773052}.Debug|x64.ActiveCfg = Debug|x64
		{EA8FF38A-C076-4A8E-A8AA-3274B8773052}.Debug|x64.Build.0 = Debug|x64
		{EA8FF38A-C076-4A8E-A8AA-3274B8773052}.Debug|x86.ActiveCfg = Debug|Win32
		{EA8FF38A-C076-4A8E-A8AA-3274B8773052}.Debug|x86.Build.0 = Debug|Win32
		{EA8FF38A-C076-4A8E-A8AA-3274B8773052}.Release|x64.ActiveCfg = Release|x64
		{EA8FF38A-C076-4A8E-A8AA-3274B8773052}.Release|x64.Build.0 = Release|x64
		{EA8FF38A-C076-4A8E-A8AA-3274B8773052}.Release|x86.ActiveCfg = Release|Win32
		{EA8FF38A-C076-4A8E-A8AA-3274B8773052}.Release|x86.Build.0 = Release|Win32
		{E1F8B174-2BF7-49FC-B58E-F5F16D027BF6}.Debug|x64.ActiveCfg = Debug|x64
		{E1F8B174-2BF7-49FC-B58E-F5F16D027BF6}.Debug|x64.Build.0 = Debug|x64
		{E1F8B174-2BF7-49FC-B58E-F5F16D027BF6}.Debug|x86.ActiveCfg = Debug|Win32
		{E1F8B174-2BF7-49FC-B58E-F5F16D027BF6}.Debug|x86.Build.0 = Debug|Win32
		{E1F8B174-2BF7-49FC-B58E-F5F16D027BF6}.Release|x64.ActiveCfg = Release|x64
		{E1F8B174-2BF7-49FC-B58E-F5F16D027BF6}.Release|x64.Build.0 = Release|x64
		{E1F8B174-2BF7-49FC-B58E-F5F16D027BF6}.Release|x86.ActiveCfg = Release|Win32
		{E1F8B174-2BF7-49FC-B58E-F5F16D027BF6}.Release|x86.Build.0 = Release|Win32
		{1A64ADE6-8B52-4B0A-8A54-A7681CAA8449}.Debug|x64.ActiveCfg = Debug|x64
		{1A64ADE6-8B52-4B0A-8A54-A7681CAA8449}.Debug|x64.Build.0 = Debug|x64
		{1A64ADE6-8B52-4B0A-8A54-A7681CAA8449}.Debug|x86.ActiveCfg = Debug|Win32
		{1A64ADE6-8B52-4B0A-8A54-A7681CAA8449}.Debug|x86.Build.0 = Debug|Win32
		{1A64ADE6-8B52-4B0A-8A54-A7681CAA8449}.Release|x64.ActiveCfg = Release|x64
		{1A64ADE6-8B52-4B0A-8A54-A7681CAA8449}.Release|x64.Build.0 = Release|x64
		{1A64ADE6-8B52-4B0A-8A54-A7681CAA8449}.Release|x86.ActiveCfg = Release|Win32
		{1A64ADE6-8B52-4B0A-8A54-A7681CAA8449}.Release|x86.Build.0 = Release|Win32
		{A2532E7E-F4E1-4D18-9B5D-293BE2CD4BDA}.Debug|x64.ActiveCfg = Debug|x64
		{A2532E7E-F4E1-4D18-9B5D-293BE2CD4BDA}.Debug|x64.Build.0 = Debug|x64
		{A2532E7E-F4E1-4D18-9B5D-293BE2CD4BDA}.Debug|x86.ActiveCfg = Debug|Win32
		{A2532E7E-F4E1-4D18-9B5D-293BE2CD4BDA}.Debug|x86.Build.0 = Debug|Win32
		{A2532E7E-F4E1-4D18-9B5D-293BE2CD4BDA}.Release|x64.ActiveCfg = Release|x64
		{A2532E7E-F4E1-4D18-9B5D-293BE2CD4BDA}.Release|x64.Build.0 = Release|x64
		{A2532E7E-F4E1-4D18-9B5D-293BE2CD4BDA}.Release|x86.ActiveCfg = Release|Win32
		{A2532E7E-F4E1-4D18-9B5D-293BE2CD4BDA}.Release|x86.Build.0 = Release|Win32
		{767C9E59-DCB7-4AB4-B188-7C018DE052C7}.Debug|x64.ActiveCfg = Debug|x64
		{767C9E59-DCB7-4AB4-B188-7C018DE052C7}.Debug|x64.Build.0 = Debug|x64
		{767C9E59-DCB7-4AB4-B188-7C018DE052C7}.Debug|x86.ActiveCfg = Debug|Win32
		{767C9E59-DCB7-4AB4-B188-7C018DE052C7}.Debug|x86.Build.0 = Debug|Win32
		{767C9E59-DCB7-4AB4-B188-7C018DE052C7}.Release|x64.ActiveCfg = Release|x64
		{767C9E59-DCB7-4AB4-B188-7C018DE052C7}.Release|x64.Build.0 = Release|x64
		{767C9E59-DCB7-4AB4-B188-7C018DE052C7}.Release|x86.ActiveCfg = Release|Win32
		{767C9E59-DCB7-4AB4-B188-7C018DE052C7}.Release|x86.Build.0 = Release|Win32
		{7ECDE894-B188-4623-94D6-1D1714F84309}.Debug|x64.ActiveCfg = Debug|x64
		{7ECDE894-B188-4623-94D6-1D1714F84309}.Debug|x64.Build.0 = Debug|x64
		{7ECDE894-B188-4623-94D6-1D1714F84309}.Debug|x86.ActiveCfg = Debug|Win32
		{7ECDE894-B188-4623-94D6-1D1714F84309}.Debug|x86.Build.0 = Debug|Win32
		{7ECDE894-B188-4623-94D6-1D1714F84309}.Release|x64.ActiveCfg = Release|x64
		{7ECDE894-B188-4623-94D6-1D1714F84309}.Release|x64.Build.0 = Release|x64
		{7ECDE894-B188-4623-94D6-1D1714F84309}.Release|x86.ActiveCfg = Release|Win32
		{7ECDE894-B188-4623-94D6-1D1714F84309}.Release|x86.Build.0 = Release|Win32
		{3F994D65-1C0E-4777-B9E2-74B072F60D31}.Debug|x64.ActiveCfg = Debug|x64
		{3F994D65-1C0E-4777-B9E2-74B072F60D31}.Debug|x64.Build.0 = Debug|x64
		{3F994D65-1C0E-4777-B9E2-74B072F60D31}.Debug|x86.ActiveCfg = Debug|Win32
		{3F994D65-1C0E-4777-B9E2-74B072F60D31}.Debug|x86.Build.0 = Debug|Win32
		{3F994D65-1C0E-4777-B9E2-74B072F60D31}.Release|x64.ActiveCfg = Release|x64
		{3F994D65-1C0E-4777-B9E2-74B072F60D31}.Release|x64.Build.0 = Release|x64
		{3F994D65-1C0E-4777-B9E2-74B072F60D31}.Release|x86.ActiveCfg = Release|Win32
		{3F994D65-1C0E-4777-B9E2-74B072F60D31}.Release|x86.Build.0 = Release|Win32
		{A15BAEA6-1AB4-4331-9CDD-515A8111C163}.Debug|x64.ActiveCfg = Debug|x64
		{A15BAEA6-1AB4-4331-9CDD-515A8111C163}.Debug|x64.Build.0 = Debug|x64
		{A15BAEA6-1AB4-4331-9CDD-515A8111C163}.Debug|x86.ActiveCfg = Debug|Win32
		{A15BAEA6-1AB4-4331-9CDD-515A8111C163}.Debug|x86.Build.0 = Debug|Win32
		{A15BAEA6-1AB4-4331-9CDD-515A8111C163}.Release|x64.ActiveCfg = Release|x64
		{A15BAEA6-1AB4-4331-9CDD-515A8111C163}.Release|x64.Build.0 = Release|x64
		{A15BAEA6-1AB4-4331-9CDD-515A8111C163}.Release|x86.ActiveCfg = Release|Win32
		{A15BAEA6-1AB4-4331-9CDD-515A8111C163}.Release|x86.Build.0 = Release|Win32
	EndGlobalSection
	GlobalSection(SolutionProperties) = preSolution
		HideSolutionNode = FALSE
	EndGlobalSection
EndGlobal
